{
  "name": "mcp-remote-with-okta",
  "version": "1.0.0",
  "lockfileVersion": 3,
  "requires": true,
  "packages": {
    "": {
      "name": "mcp-remote-with-okta",
      "version": "1.0.0",
      "license": "MIT",
      "bin": {
        "mcp-remote-with-okta": "mcp-adobe-auth-wrapper.js"
      },
      "engines": {
        "node": ">=18.0.0"
      }
    }
  }
}
